// !$*UTF8*$!
{
	archiveVersion = 1;
	classes = {
	};
	objectVersion = 46;
	objects = {

/* Begin PBXAggregateTarget section */
		"SwiftyMediator::SwiftyMediatorPackageTests::ProductTarget" /* SwiftyMediatorPackageTests */ = {
			isa = PBXAggregateTarget;
			buildConfigurationList = OBJ_41 /* Build configuration list for PBXAggregateTarget "SwiftyMediatorPackageTests" */;
			buildPhases = (
			);
			dependencies = (
				OBJ_44 /* PBXTargetDependency */,
			);
			name = SwiftyMediatorPackageTests;
			productName = SwiftyMediatorPackageTests;
		};
/* End PBXAggregateTarget section */

/* Begin PBXBuildFile section */
		B3EFE465232B5DE200B1968C /* FatalMediator.swift in Sources */ = {isa = PBXBuildFile; fileRef = B3EFE464232B5DE200B1968C /* FatalMediator.swift */; };
		B3EFE468232B5F7600B1968C /* ThrowsMediator.swift in Sources */ = {isa = PBXBuildFile; fileRef = B3EFE467232B5F7600B1968C /* ThrowsMediator.swift */; };
		OBJ_28 /* DefaultProviderMediator.swift in Sources */ = {isa = PBXBuildFile; fileRef = OBJ_9 /* DefaultProviderMediator.swift */; };
		OBJ_29 /* Error.swift in Sources */ = {isa = PBXBuildFile; fileRef = OBJ_10 /* Error.swift */; };
		OBJ_30 /* Provider.swift in Sources */ = {isa = PBXBuildFile; fileRef = OBJ_11 /* Provider.swift */; };
		OBJ_31 /* Requestor.swift in Sources */ = {isa = PBXBuildFile; fileRef = OBJ_12 /* Requestor.swift */; };
		OBJ_32 /* SwiftyMediator.swift in Sources */ = {isa = PBXBuildFile; fileRef = OBJ_13 /* SwiftyMediator.swift */; };
		OBJ_39 /* Package.swift in Sources */ = {isa = PBXBuildFile; fileRef = OBJ_6 /* Package.swift */; };
		OBJ_50 /* SwiftyMediatorTests.swift in Sources */ = {isa = PBXBuildFile; fileRef = OBJ_16 /* SwiftyMediatorTests.swift */; };
		OBJ_51 /* XCTestManifests.swift in Sources */ = {isa = PBXBuildFile; fileRef = OBJ_17 /* XCTestManifests.swift */; };
		OBJ_53 /* SwiftyMediator.framework in Frameworks */ = {isa = PBXBuildFile; fileRef = "SwiftyMediator::SwiftyMediator::Product" /* SwiftyMediator.framework */; };
/* End PBXBuildFile section */

/* Begin PBXContainerItemProxy section */
		B3EFE463232B589D00B1968C /* PBXContainerItemProxy */ = {
			isa = PBXContainerItemProxy;
			containerPortal = OBJ_1 /* Project object */;
			proxyType = 1;
			remoteGlobalIDString = "SwiftyMediator::SwiftyMediator";
			remoteInfo = SwiftyMediator;
		};
		B3EFE466232B5DE300B1968C /* PBXContainerItemProxy */ = {
			isa = PBXContainerItemProxy;
			containerPortal = OBJ_1 /* Project object */;
			proxyType = 1;
			remoteGlobalIDString = "SwiftyMediator::SwiftyMediatorTests";
			remoteInfo = SwiftyMediatorTests;
		};
/* End PBXContainerItemProxy section */

/* Begin PBXFileReference section */
		B3EFE464232B5DE200B1968C /* FatalMediator.swift */ = {isa = PBXFileReference; lastKnownFileType = sourcecode.swift; path = FatalMediator.swift; sourceTree = "<group>"; };
		B3EFE467232B5F7600B1968C /* ThrowsMediator.swift */ = {isa = PBXFileReference; lastKnownFileType = sourcecode.swift; path = ThrowsMediator.swift; sourceTree = "<group>"; };
		OBJ_10 /* Error.swift */ = {isa = PBXFileReference; lastKnownFileType = sourcecode.swift; path = Error.swift; sourceTree = "<group>"; };
		OBJ_11 /* Provider.swift */ = {isa = PBXFileReference; lastKnownFileType = sourcecode.swift; path = Provider.swift; sourceTree = "<group>"; };
		OBJ_12 /* Requestor.swift */ = {isa = PBXFileReference; lastKnownFileType = sourcecode.swift; path = Requestor.swift; sourceTree = "<group>"; };
		OBJ_13 /* SwiftyMediator.swift */ = {isa = PBXFileReference; lastKnownFileType = sourcecode.swift; path = SwiftyMediator.swift; sourceTree = "<group>"; };
		OBJ_16 /* SwiftyMediatorTests.swift */ = {isa = PBXFileReference; lastKnownFileType = sourcecode.swift; path = SwiftyMediatorTests.swift; sourceTree = "<group>"; };
		OBJ_17 /* XCTestManifests.swift */ = {isa = PBXFileReference; lastKnownFileType = sourcecode.swift; path = XCTestManifests.swift; sourceTree = "<group>"; };
		OBJ_21 /* LICENSE */ = {isa = PBXFileReference; lastKnownFileType = text; path = LICENSE; sourceTree = "<group>"; };
		OBJ_22 /* README.md */ = {isa = PBXFileReference; lastKnownFileType = net.daringfireball.markdown; path = README.md; sourceTree = "<group>"; };
		OBJ_6 /* Package.swift */ = {isa = PBXFileReference; explicitFileType = sourcecode.swift; path = Package.swift; sourceTree = "<group>"; };
		OBJ_9 /* DefaultProviderMediator.swift */ = {isa = PBXFileReference; lastKnownFileType = sourcecode.swift; path = DefaultProviderMediator.swift; sourceTree = "<group>"; };
		"SwiftyMediator::SwiftyMediator::Product" /* SwiftyMediator.framework */ = {isa = PBXFileReference; lastKnownFileType = wrapper.framework; path = SwiftyMediator.framework; sourceTree = BUILT_PRODUCTS_DIR; };
		"SwiftyMediator::SwiftyMediatorTests::Product" /* SwiftyMediatorTests.xctest */ = {isa = PBXFileReference; lastKnownFileType = file; path = SwiftyMediatorTests.xctest; sourceTree = BUILT_PRODUCTS_DIR; };
/* End PBXFileReference section */

/* Begin PBXFrameworksBuildPhase section */
		OBJ_33 /* Frameworks */ = {
			isa = PBXFrameworksBuildPhase;
			buildActionMask = 0;
			files = (
			);
			runOnlyForDeploymentPostprocessing = 0;
		};
		OBJ_52 /* Frameworks */ = {
			isa = PBXFrameworksBuildPhase;
			buildActionMask = 0;
			files = (
				OBJ_53 /* SwiftyMediator.framework in Frameworks */,
			);
			runOnlyForDeploymentPostprocessing = 0;
		};
/* End PBXFrameworksBuildPhase section */

/* Begin PBXGroup section */
		OBJ_14 /* Tests */ = {
			isa = PBXGroup;
			children = (
				OBJ_15 /* SwiftyMediatorTests */,
			);
			name = Tests;
			sourceTree = SOURCE_ROOT;
		};
		OBJ_15 /* SwiftyMediatorTests */ = {
			isa = PBXGroup;
			children = (
				OBJ_16 /* SwiftyMediatorTests.swift */,
				OBJ_17 /* XCTestManifests.swift */,
			);
			name = SwiftyMediatorTests;
			path = Tests/SwiftyMediatorTests;
			sourceTree = SOURCE_ROOT;
		};
		OBJ_18 /* Products */ = {
			isa = PBXGroup;
			children = (
				"SwiftyMediator::SwiftyMediatorTests::Product" /* SwiftyMediatorTests.xctest */,
				"SwiftyMediator::SwiftyMediator::Product" /* SwiftyMediator.framework */,
			);
			name = Products;
			sourceTree = BUILT_PRODUCTS_DIR;
		};
		OBJ_5 /*  */ = {
			isa = PBXGroup;
			children = (
				OBJ_6 /* Package.swift */,
				OBJ_7 /* Sources */,
				OBJ_14 /* Tests */,
				OBJ_18 /* Products */,
				OBJ_21 /* LICENSE */,
				OBJ_22 /* README.md */,
			);
			name = "";
			sourceTree = "<group>";
		};
		OBJ_7 /* Sources */ = {
			isa = PBXGroup;
			children = (
				OBJ_8 /* SwiftyMediator */,
			);
			name = Sources;
			sourceTree = SOURCE_ROOT;
		};
		OBJ_8 /* SwiftyMediator */ = {
			isa = PBXGroup;
			children = (
				OBJ_9 /* DefaultProviderMediator.swift */,
				OBJ_10 /* Error.swift */,
				OBJ_11 /* Provider.swift */,
				OBJ_12 /* Requestor.swift */,
				OBJ_13 /* SwiftyMediator.swift */,
				B3EFE467232B5F7600B1968C /* ThrowsMediator.swift */,
				B3EFE464232B5DE200B1968C /* FatalMediator.swift */,
			);
			name = SwiftyMediator;
			path = Sources/SwiftyMediator;
			sourceTree = SOURCE_ROOT;
		};
/* End PBXGroup section */

/* Begin PBXNativeTarget section */
		"SwiftyMediator::SwiftPMPackageDescription" /* SwiftyMediatorPackageDescription */ = {
			isa = PBXNativeTarget;
			buildConfigurationList = OBJ_35 /* Build configuration list for PBXNativeTarget "SwiftyMediatorPackageDescription" */;
			buildPhases = (
				OBJ_38 /* Sources */,
			);
			buildRules = (
			);
			dependencies = (
			);
			name = SwiftyMediatorPackageDescription;
			productName = SwiftyMediatorPackageDescription;
			productType = "com.apple.product-type.framework";
		};
		"SwiftyMediator::SwiftyMediator" /* SwiftyMediator */ = {
			isa = PBXNativeTarget;
			buildConfigurationList = OBJ_24 /* Build configuration list for PBXNativeTarget "SwiftyMediator" */;
			buildPhases = (
				OBJ_27 /* Sources */,
				OBJ_33 /* Frameworks */,
			);
			buildRules = (
			);
			dependencies = (
			);
			name = SwiftyMediator;
			productName = SwiftyMediator;
			productReference = "SwiftyMediator::SwiftyMediator::Product" /* SwiftyMediator.framework */;
			productType = "com.apple.product-type.framework";
		};
		"SwiftyMediator::SwiftyMediatorTests" /* SwiftyMediatorTests */ = {
			isa = PBXNativeTarget;
			buildConfigurationList = OBJ_46 /* Build configuration list for PBXNativeTarget "SwiftyMediatorTests" */;
			buildPhases = (
				OBJ_49 /* Sources */,
				OBJ_52 /* Frameworks */,
			);
			buildRules = (
			);
			dependencies = (
				OBJ_54 /* PBXTargetDependency */,
			);
			name = SwiftyMediatorTests;
			productName = SwiftyMediatorTests;
			productReference = "SwiftyMediator::SwiftyMediatorTests::Product" /* SwiftyMediatorTests.xctest */;
			productType = "com.apple.product-type.bundle.unit-test";
		};
/* End PBXNativeTarget section */

/* Begin PBXProject section */
		OBJ_1 /* Project object */ = {
			isa = PBXProject;
			attributes = {
				LastSwiftMigration = 9999;
				LastUpgradeCheck = 9999;
			};
			buildConfigurationList = OBJ_2 /* Build configuration list for PBXProject "SwiftyMediator" */;
			compatibilityVersion = "Xcode 3.2";
			developmentRegion = English;
			hasScannedForEncodings = 0;
			knownRegions = (
				English,
				en,
			);
			mainGroup = OBJ_5 /*  */;
			productRefGroup = OBJ_18 /* Products */;
			projectDirPath = "";
			projectRoot = "";
			targets = (
				"SwiftyMediator::SwiftyMediator" /* SwiftyMediator */,
				"SwiftyMediator::SwiftPMPackageDescription" /* SwiftyMediatorPackageDescription */,
				"SwiftyMediator::SwiftyMediatorPackageTests::ProductTarget" /* SwiftyMediatorPackageTests */,
				"SwiftyMediator::SwiftyMediatorTests" /* SwiftyMediatorTests */,
			);
		};
/* End PBXProject section */

/* Begin PBXSourcesBuildPhase section */
		OBJ_27 /* Sources */ = {
			isa = PBXSourcesBuildPhase;
			buildActionMask = 0;
			files = (
				OBJ_28 /* DefaultProviderMediator.swift in Sources */,
				OBJ_29 /* Error.swift in Sources */,
				B3EFE468232B5F7600B1968C /* ThrowsMediator.swift in Sources */,
				B3EFE465232B5DE200B1968C /* FatalMediator.swift in Sources */,
				OBJ_30 /* Provider.swift in Sources */,
				OBJ_31 /* Requestor.swift in Sources */,
				OBJ_32 /* SwiftyMediator.swift in Sources */,
			);
			runOnlyForDeploymentPostprocessing = 0;
		};
		OBJ_38 /* Sources */ = {
			isa = PBXSourcesBuildPhase;
			buildActionMask = 0;
			files = (
				OBJ_39 /* Package.swift in Sources */,
			);
			runOnlyForDeploymentPostprocessing = 0;
		};
		OBJ_49 /* Sources */ = {
			isa = PBXSourcesBuildPhase;
			buildActionMask = 0;
			files = (
				OBJ_50 /* SwiftyMediatorTests.swift in Sources */,
				OBJ_51 /* XCTestManifests.swift in Sources */,
			);
			runOnlyForDeploymentPostprocessing = 0;
		};
/* End PBXSourcesBuildPhase section */

/* Begin PBXTargetDependency section */
		OBJ_44 /* PBXTargetDependency */ = {
			isa = PBXTargetDependency;
			target = "SwiftyMediator::SwiftyMediatorTests" /* SwiftyMediatorTests */;
			targetProxy = B3EFE466232B5DE300B1968C /* PBXContainerItemProxy */;
		};
		OBJ_54 /* PBXTargetDependency */ = {
			isa = PBXTargetDependency;
			target = "SwiftyMediator::SwiftyMediator" /* SwiftyMediator */;
			targetProxy = B3EFE463232B589D00B1968C /* PBXContainerItemProxy */;
		};
/* End PBXTargetDependency section */

/* Begin XCBuildConfiguration section */
		OBJ_25 /* Debug */ = {
			isa = XCBuildConfiguration;
			buildSettings = {
				ENABLE_TESTABILITY = YES;
				FRAMEWORK_SEARCH_PATHS = (
					"$(inherited)",
					"$(PLATFORM_DIR)/Developer/Library/Frameworks",
				);
				HEADER_SEARCH_PATHS = "$(inherited)";
				INFOPLIST_FILE = SwiftyMediator.xcodeproj/SwiftyMediator_Info.plist;
				IPHONEOS_DEPLOYMENT_TARGET = 8.0;
				LD_RUNPATH_SEARCH_PATHS = "$(inherited) $(TOOLCHAIN_DIR)/usr/lib/swift/macosx";
				MACOSX_DEPLOYMENT_TARGET = 10.10;
				OTHER_CFLAGS = "$(inherited)";
				OTHER_LDFLAGS = "$(inherited)";
				OTHER_SWIFT_FLAGS = "$(inherited)";
				PRODUCT_BUNDLE_IDENTIFIER = SwiftyMediator;
				PRODUCT_MODULE_NAME = "$(TARGET_NAME:c99extidentifier)";
				PRODUCT_NAME = "$(TARGET_NAME:c99extidentifier)";
				SKIP_INSTALL = YES;
				SWIFT_ACTIVE_COMPILATION_CONDITIONS = "$(inherited)";
				SWIFT_VERSION = 5.0;
				TARGET_NAME = SwiftyMediator;
				TVOS_DEPLOYMENT_TARGET = 9.0;
				WATCHOS_DEPLOYMENT_TARGET = 2.0;
			};
			name = Debug;
		};
		OBJ_26 /* Release */ = {
			isa = XCBuildConfiguration;
			buildSettings = {
				ENABLE_TESTABILITY = YES;
				FRAMEWORK_SEARCH_PATHS = (
					"$(inherited)",
					"$(PLATFORM_DIR)/Developer/Library/Frameworks",
				);
				HEADER_SEARCH_PATHS = "$(inherited)";
				INFOPLIST_FILE = SwiftyMediator.xcodeproj/SwiftyMediator_Info.plist;
				IPHONEOS_DEPLOYMENT_TARGET = 8.0;
				LD_RUNPATH_SEARCH_PATHS = "$(inherited) $(TOOLCHAIN_DIR)/usr/lib/swift/macosx";
				MACOSX_DEPLOYMENT_TARGET = 10.10;
				OTHER_CFLAGS = "$(inherited)";
				OTHER_LDFLAGS = "$(inherited)";
				OTHER_SWIFT_FLAGS = "$(inherited)";
				PRODUCT_BUNDLE_IDENTIFIER = SwiftyMediator;
				PRODUCT_MODULE_NAME = "$(TARGET_NAME:c99extidentifier)";
				PRODUCT_NAME = "$(TARGET_NAME:c99extidentifier)";
				SKIP_INSTALL = YES;
				SWIFT_ACTIVE_COMPILATION_CONDITIONS = "$(inherited)";
				SWIFT_VERSION = 5.0;
				TARGET_NAME = SwiftyMediator;
				TVOS_DEPLOYMENT_TARGET = 9.0;
				WATCHOS_DEPLOYMENT_TARGET = 2.0;
			};
			name = Release;
		};
		OBJ_3 /* Debug */ = {
			isa = XCBuildConfiguration;
			buildSettings = {
				CLANG_ENABLE_OBJC_ARC = YES;
				COMBINE_HIDPI_IMAGES = YES;
				COPY_PHASE_STRIP = NO;
				DEBUG_INFORMATION_FORMAT = dwarf;
				DYLIB_INSTALL_NAME_BASE = "@rpath";
				ENABLE_NS_ASSERTIONS = YES;
				GCC_OPTIMIZATION_LEVEL = 0;
				GCC_PREPROCESSOR_DEFINITIONS = (
					"$(inherited)",
					"SWIFT_PACKAGE=1",
					"DEBUG=1",
				);
				MACOSX_DEPLOYMENT_TARGET = 10.10;
				ONLY_ACTIVE_ARCH = YES;
				OTHER_SWIFT_FLAGS = "-DXcode";
				PRODUCT_NAME = "$(TARGET_NAME)";
				SDKROOT = macosx;
				SUPPORTED_PLATFORMS = "macosx iphoneos iphonesimulator appletvos appletvsimulator watchos watchsimulator";
				SWIFT_ACTIVE_COMPILATION_CONDITIONS = "$(inherited) SWIFT_PACKAGE DEBUG";
				SWIFT_OPTIMIZATION_LEVEL = "-Onone";
				USE_HEADERMAP = NO;
			};
			name = Debug;
		};
		OBJ_36 /* Debug */ = {
			isa = XCBuildConfiguration;
			buildSettings = {
				LD = /usr/bin/true;
				OTHER_SWIFT_FLAGS = "-swift-version 5 -I $(TOOLCHAIN_DIR)/usr/lib/swift/pm/4_2 -target x86_64-apple-macosx10.10 -sdk /Applications/Xcode.app/Contents/Developer/Platforms/MacOSX.platform/Developer/SDKs/MacOSX10.14.sdk";
				SWIFT_VERSION = 5.0;
			};
			name = Debug;
		};
		OBJ_37 /* Release */ = {
			isa = XCBuildConfiguration;
			buildSettings = {
				LD = /usr/bin/true;
				OTHER_SWIFT_FLAGS = "-swift-version 5 -I $(TOOLCHAIN_DIR)/usr/lib/swift/pm/4_2 -target x86_64-apple-macosx10.10 -sdk /Applications/Xcode.app/Contents/Developer/Platforms/MacOSX.platform/Developer/SDKs/MacOSX10.14.sdk";
				SWIFT_VERSION = 5.0;
			};
			name = Release;
		};
		OBJ_4 /* Release */ = {
			isa = XCBuildConfiguration;
			buildSettings = {
				CLANG_ENABLE_OBJC_ARC = YES;
				COMBINE_HIDPI_IMAGES = YES;
				COPY_PHASE_STRIP = YES;
				DEBUG_INFORMATION_FORMAT = "dwarf-with-dsym";
				DYLIB_INSTALL_NAME_BASE = "@rpath";
				GCC_OPTIMIZATION_LEVEL = s;
				GCC_PREPROCESSOR_DEFINITIONS = (
					"$(inherited)",
					"SWIFT_PACKAGE=1",
				);
				MACOSX_DEPLOYMENT_TARGET = 10.10;
				OTHER_SWIFT_FLAGS = "-DXcode";
				PRODUCT_NAME = "$(TARGET_NAME)";
				SDKROOT = macosx;
				SUPPORTED_PLATFORMS = "macosx iphoneos iphonesimulator appletvos appletvsimulator watchos watchsimulator";
				SWIFT_ACTIVE_COMPILATION_CONDITIONS = "$(inherited) SWIFT_PACKAGE";
				SWIFT_OPTIMIZATION_LEVEL = "-Owholemodule";
				USE_HEADERMAP = NO;
			};
			name = Release;
		};
		OBJ_42 /* Debug */ = {
			isa = XCBuildConfiguration;
			buildSettings = {
			};
			name = Debug;
		};
		OBJ_43 /* Release */ = {
			isa = XCBuildConfiguration;
			buildSettings = {
			};
			name = Release;
		};
		OBJ_47 /* Debug */ = {
			isa = XCBuildConfiguration;
			buildSettings = {
				CLANG_ENABLE_MODULES = YES;
				EMBEDDED_CONTENT_CONTAINS_SWIFT = YES;
				FRAMEWORK_SEARCH_PATHS = (
					"$(inherited)",
					"$(PLATFORM_DIR)/Developer/Library/Frameworks",
				);
				HEADER_SEARCH_PATHS = "$(inherited)";
				INFOPLIST_FILE = SwiftyMediator.xcodeproj/SwiftyMediatorTests_Info.plist;
				IPHONEOS_DEPLOYMENT_TARGET = 8.0;
				LD_RUNPATH_SEARCH_PATHS = "$(inherited) @loader_path/../Frameworks @loader_path/Frameworks";
				MACOSX_DEPLOYMENT_TARGET = 10.10;
				OTHER_CFLAGS = "$(inherited)";
				OTHER_LDFLAGS = "$(inherited)";
				OTHER_SWIFT_FLAGS = "$(inherited)";
				SWIFT_ACTIVE_COMPILATION_CONDITIONS = "$(inherited)";
				SWIFT_VERSION = 5.0;
				TARGET_NAME = SwiftyMediatorTests;
				TVOS_DEPLOYMENT_TARGET = 9.0;
				WATCHOS_DEPLOYMENT_TARGET = 2.0;
			};
			name = Debug;
		};
		OBJ_48 /* Release */ = {
			isa = XCBuildConfiguration;
			buildSettings = {
				CLANG_ENABLE_MODULES = YES;
				EMBEDDED_CONTENT_CONTAINS_SWIFT = YES;
				FRAMEWORK_SEARCH_PATHS = (
					"$(inherited)",
					"$(PLATFORM_DIR)/Developer/Library/Frameworks",
				);
				HEADER_SEARCH_PATHS = "$(inherited)";
				INFOPLIST_FILE = SwiftyMediator.xcodeproj/SwiftyMediatorTests_Info.plist;
				IPHONEOS_DEPLOYMENT_TARGET = 8.0;
				LD_RUNPATH_SEARCH_PATHS = "$(inherited) @loader_path/../Frameworks @loader_path/Frameworks";
				MACOSX_DEPLOYMENT_TARGET = 10.10;
				OTHER_CFLAGS = "$(inherited)";
				OTHER_LDFLAGS = "$(inherited)";
				OTHER_SWIFT_FLAGS = "$(inherited)";
				SWIFT_ACTIVE_COMPILATION_CONDITIONS = "$(inherited)";
				SWIFT_VERSION = 5.0;
				TARGET_NAME = SwiftyMediatorTests;
				TVOS_DEPLOYMENT_TARGET = 9.0;
				WATCHOS_DEPLOYMENT_TARGET = 2.0;
			};
			name = Release;
		};
/* End XCBuildConfiguration section */

/* Begin XCConfigurationList section */
		OBJ_2 /* Build configuration list for PBXProject "SwiftyMediator" */ = {
			isa = XCConfigurationList;
			buildConfigurations = (
				OBJ_3 /* Debug */,
				OBJ_4 /* Release */,
			);
			defaultConfigurationIsVisible = 0;
			defaultConfigurationName = Release;
		};
		OBJ_24 /* Build configuration list for PBXNativeTarget "SwiftyMediator" */ = {
			isa = XCConfigurationList;
			buildConfigurations = (
				OBJ_25 /* Debug */,
				OBJ_26 /* Release */,
			);
			defaultConfigurationIsVisible = 0;
			defaultConfigurationName = Release;
		};
		OBJ_35 /* Build configuration list for PBXNativeTarget "SwiftyMediatorPackageDescription" */ = {
			isa = XCConfigurationList;
			buildConfigurations = (
				OBJ_36 /* Debug */,
				OBJ_37 /* Release */,
			);
			defaultConfigurationIsVisible = 0;
			defaultConfigurationName = Release;
		};
		OBJ_41 /* Build configuration list for PBXAggregateTarget "SwiftyMediatorPackageTests" */ = {
			isa = XCConfigurationList;
			buildConfigurations = (
				OBJ_42 /* Debug */,
				OBJ_43 /* Release */,
			);
			defaultConfigurationIsVisible = 0;
			defaultConfigurationName = Release;
		};
		OBJ_46 /* Build configuration list for PBXNativeTarget "SwiftyMediatorTests" */ = {
			isa = XCConfigurationList;
			buildConfigurations = (
				OBJ_47 /* Debug */,
				OBJ_48 /* Release */,
			);
			defaultConfigurationIsVisible = 0;
			defaultConfigurationName = Release;
		};
/* End XCConfigurationList section */
	};
	rootObject = OBJ_1 /* Project object */;
}
